
Microsoft Visual Studio Solution File, Format Version 12.00
# Visual Studio Version 17
VisualStudioVersion = 17.7.34003.232
MinimumVisualStudioVersion = 10.0.40219.1
Project("{FAE04EC0-301F-11D3-BF4B-00C04F79EFBC}") = "ConsumingApi", "ConsumingApi\ConsumingApi.csproj", "{686C5EF9-7B90-4749-A742-B1885197ED7B}"
EndProject
Global
	GlobalSection(SolutionConfigurationPlatforms) = preSolution
		Debug|Any CPU = Debug|Any CPU
		Release|Any CPU = Release|Any CPU
	EndGlobalSection
	GlobalSection(ProjectConfigurationPlatforms) = postSolution
		{686C5EF9-7B90-4749-A742-B1885197ED7B}.Debug|Any CPU.ActiveCfg = Debug|Any CPU
		{686C5EF9-7B90-4749-A742-B1885197ED7B}.Debug|Any CPU.Build.0 = Debug|Any CPU
		{686C5EF9-7B90-4749-A742-B1885197ED7B}.Release|Any CPU.ActiveCfg = Release|Any CPU
		{686C5EF9-7B90-4749-A742-B1885197ED7B}.Release|Any CPU.Build.0 = Release|Any CPU
	EndGlobalSection
	GlobalSection(SolutionProperties) = preSolution
		HideSolutionNode = FALSE
	EndGlobalSection
	GlobalSection(ExtensibilityGlobals) = postSolution
		SolutionGuid = {E8A893FE-8D0B-44E6-BF91-33BC6CF8256F}
	EndGlobalSection
EndGlobal
